
Microsoft Visual Studio Solution File, Format Version 12.00
# Visual Studio 2015
Project("{FAE04EC0-301F-11D3-BF4B-00C04F79EFBC}") = "The Adventures of Maximus.CSharp", "The Adventures of Maximus.CSharp.csproj", "{3A11A44E-5568-7D72-24BD-E7C4545D5894}"
EndProject
Project("{FAE04EC0-301F-11D3-BF4B-00C04F79EFBC}") = "The Adventures of Maximus.CSharp.Editor", "The Adventures of Maximus.CSharp.Editor.csproj", "{D749D38A-B735-3208-1564-394E69FC459F}"
EndProject
Global
	GlobalSection(SolutionConfigurationPlatforms) = preSolution
		Debug|Any CPU = Debug|Any CPU
		Release|Any CPU = Release|Any CPU
	EndGlobalSection
	GlobalSection(ProjectConfigurationPlatforms) = postSolution
		{3A11A44E-5568-7D72-24BD-E7C4545D5894}.Debug|Any CPU.ActiveCfg = Debug|Any CPU
		{3A11A44E-5568-7D72-24BD-E7C4545D5894}.Debug|Any CPU.Build.0 = Debug|Any CPU
		{3A11A44E-5568-7D72-24BD-E7C4545D5894}.Release|Any CPU.ActiveCfg = Release|Any CPU
		{3A11A44E-5568-7D72-24BD-E7C4545D5894}.Release|Any CPU.Build.0 = Release|Any CPU
		{D749D38A-B735-3208-1564-394E69FC459F}.Debug|Any CPU.ActiveCfg = Debug|Any CPU
		{D749D38A-B735-3208-1564-394E69FC459F}.Debug|Any CPU.Build.0 = Debug|Any CPU
		{D749D38A-B735-3208-1564-394E69FC459F}.Release|Any CPU.ActiveCfg = Release|Any CPU
		{D749D38A-B735-3208-1564-394E69FC459F}.Release|Any CPU.Build.0 = Release|Any CPU
	EndGlobalSection
	GlobalSection(SolutionProperties) = preSolution
		HideSolutionNode = FALSE
	EndGlobalSection
EndGlobal
